
Microsoft Visual Studio Solution File, Format Version 12.00
Project("{FAE04EC0-301F-11D3-BF4B-00C04F79EFBC}") = "Calc-ShortforCalculator", "Calc-ShortforCalculator\Calc-ShortforCalculator.csproj", "{70FD7B3A-39FF-450B-84E2-F0FADD9A313C}"
EndProject
Global
	GlobalSection(SolutionConfigurationPlatforms) = preSolution
		Debug|Any CPU = Debug|Any CPU
		Release|Any CPU = Release|Any CPU
	EndGlobalSection
	GlobalSection(ProjectConfigurationPlatforms) = postSolution
		{70FD7B3A-39FF-450B-84E2-F0FADD9A313C}.Debug|Any CPU.ActiveCfg = Debug|Any CPU
		{70FD7B3A-39FF-450B-84E2-F0FADD9A313C}.Debug|Any CPU.Build.0 = Debug|Any CPU
		{70FD7B3A-39FF-450B-84E2-F0FADD9A313C}.Release|Any CPU.ActiveCfg = Release|Any CPU
		{70FD7B3A-39FF-450B-84E2-F0FADD9A313C}.Release|Any CPU.Build.0 = Release|Any CPU
	EndGlobalSection
EndGlobal
